# This file was autogenerated by Stack.
# You should not edit this file by hand.
# For more information, please see the documentation at:
#   https://docs.haskellstack.org/en/stable/lock_files

packages:
- completed:
    hackage: mockcat-0.1.0.0@sha256:b4c51dc35ec2cd139a5f2a7e1daba3a5804dbb0d01d744cfbc05ff3f341c28c1,2624
    pantry-tree:
      sha256: a56cac478362002e4823df186d17a2597688e2200b9469dd2454553925168b08
      size: 979
  original:
    hackage: mockcat-0.1.0.0
snapshots:
- completed:
    sha256: acaab6ca693211938d1542abcb1c83a2f298b9f6b571854a9d38febe39b6408e
    size: 719577
    url: https://raw.githubusercontent.com/commercialhaskell/stackage-snapshots/master/lts/22/31.yaml
  original:
    url: https://raw.githubusercontent.com/commercialhaskell/stackage-snapshots/master/lts/22/31.yaml
