# This file was autogenerated by Stack.
# You should not edit this file by hand.
# For more information, please see the documentation at:
#   https://docs.haskellstack.org/en/stable/lock_files

packages:
- completed:
    hackage: mockcat-0.5.1.0@sha256:1ec6f18830b4c35e4571272d6a266ab094b587069496f56b22ec5bf2545b0ff3,3002
    pantry-tree:
      sha256: d8500386c61861ed243d2cd958e7334c0e175492d2d65244de338c152f8f5160
      size: 1647
  original:
    hackage: mockcat-0.5.1.0
snapshots:
- completed:
    sha256: acaab6ca693211938d1542abcb1c83a2f298b9f6b571854a9d38febe39b6408e
    size: 719577
    url: https://raw.githubusercontent.com/commercialhaskell/stackage-snapshots/master/lts/22/31.yaml
  original:
    url: https://raw.githubusercontent.com/commercialhaskell/stackage-snapshots/master/lts/22/31.yaml
