# This file was autogenerated by Stack.
# You should not edit this file by hand.
# For more information, please see the documentation at:
#   https://docs.haskellstack.org/en/stable/lock_files

packages:
- completed:
    hackage: mockcat-0.2.1.0@sha256:aa1d61c005c4a30eab20d7f397cb9d955d7f1d52d9cc8582c89ebd2f2e6be5c6,2698
    pantry-tree:
      sha256: 266d9591c5e771c588548b44572fb1ef32065cff51826930e6a2b6efb36a4766
      size: 1135
  original:
    hackage: mockcat-0.2.1.0
snapshots:
- completed:
    sha256: acaab6ca693211938d1542abcb1c83a2f298b9f6b571854a9d38febe39b6408e
    size: 719577
    url: https://raw.githubusercontent.com/commercialhaskell/stackage-snapshots/master/lts/22/31.yaml
  original:
    url: https://raw.githubusercontent.com/commercialhaskell/stackage-snapshots/master/lts/22/31.yaml
